
Microsoft Visual Studio Solution File, Format Version 12.00
# Visual Studio 15
VisualStudioVersion = 15.0.28307.572
MinimumVisualStudioVersion = 10.0.40219.1
Project("{FAE04EC0-301F-11D3-BF4B-00C04F79EFBC}") = "NetSales.Entitys", "NetSales.Entitys\NetSales.Entitys.csproj", "{D8F17025-3E1E-4F3B-A2E7-6687E0F6FD74}"
EndProject
Project("{FAE04EC0-301F-11D3-BF4B-00C04F79EFBC}") = "NetSales.BackOffice", "NetSales.BackOffice\NetSales.BackOffice.csproj", "{B35ABFBD-2351-41D1-ADEB-A5E63CCF868D}"
EndProject
Project("{FAE04EC0-301F-11D3-BF4B-00C04F79EFBC}") = "NetSales.FrontOffice", "NetSales.FrontOffice\NetSales.FrontOffice.csproj", "{38B5D764-D303-45D2-9D31-4AF5C8F73573}"
EndProject
Global
	GlobalSection(SolutionConfigurationPlatforms) = preSolution
		Debug|Any CPU = Debug|Any CPU
		Release|Any CPU = Release|Any CPU
	EndGlobalSection
	GlobalSection(ProjectConfigurationPlatforms) = postSolution
		{D8F17025-3E1E-4F3B-A2E7-6687E0F6FD74}.Debug|Any CPU.ActiveCfg = Debug|Any CPU
		{D8F17025-3E1E-4F3B-A2E7-6687E0F6FD74}.Debug|Any CPU.Build.0 = Debug|Any CPU
		{D8F17025-3E1E-4F3B-A2E7-6687E0F6FD74}.Release|Any CPU.ActiveCfg = Release|Any CPU
		{D8F17025-3E1E-4F3B-A2E7-6687E0F6FD74}.Release|Any CPU.Build.0 = Release|Any CPU
		{B35ABFBD-2351-41D1-ADEB-A5E63CCF868D}.Debug|Any CPU.ActiveCfg = Debug|Any CPU
		{B35ABFBD-2351-41D1-ADEB-A5E63CCF868D}.Debug|Any CPU.Build.0 = Debug|Any CPU
		{B35ABFBD-2351-41D1-ADEB-A5E63CCF868D}.Release|Any CPU.ActiveCfg = Release|Any CPU
		{B35ABFBD-2351-41D1-ADEB-A5E63CCF868D}.Release|Any CPU.Build.0 = Release|Any CPU
		{38B5D764-D303-45D2-9D31-4AF5C8F73573}.Debug|Any CPU.ActiveCfg = Debug|Any CPU
		{38B5D764-D303-45D2-9D31-4AF5C8F73573}.Debug|Any CPU.Build.0 = Debug|Any CPU
		{38B5D764-D303-45D2-9D31-4AF5C8F73573}.Release|Any CPU.ActiveCfg = Release|Any CPU
		{38B5D764-D303-45D2-9D31-4AF5C8F73573}.Release|Any CPU.Build.0 = Release|Any CPU
	EndGlobalSection
	GlobalSection(SolutionProperties) = preSolution
		HideSolutionNode = FALSE
	EndGlobalSection
	GlobalSection(ExtensibilityGlobals) = postSolution
		SolutionGuid = {42C980AF-5BA0-45FD-9835-51ACFC0C7C95}
	EndGlobalSection
EndGlobal
